
Microsoft Visual Studio Solution File, Format Version 12.00
# Visual Studio 2013
VisualStudioVersion = 12.0.21005.1
MinimumVisualStudioVersion = 10.0.40219.1
Project("{FAE04EC0-301F-11D3-BF4B-00C04F79EFBC}") = "QL", "QL\QL.csproj", "{D7ACB753-ACCE-4D50-BEB1-5F8F8D8BA9B0}"
EndProject
Project("{FAE04EC0-301F-11D3-BF4B-00C04F79EFBC}") = "QL.Web", "QL.Web\QL.Web.csproj", "{78B4549E-8BF9-4A35-B6DB-C18309DAA88E}"
EndProject
Project("{FAE04EC0-301F-11D3-BF4B-00C04F79EFBC}") = "QL.MySql", "QL.MySql\QL.MySql.csproj", "{CAE96EF8-6A65-4CB1-80FB-3C97CA2C036F}"
EndProject
Project("{FAE04EC0-301F-11D3-BF4B-00C04F79EFBC}") = "QL.Caching.LDCache", "QL.Caching.LDCache\QL.Caching.LDCache.csproj", "{FA914102-A8A3-4F2A-9862-38E8A7654A5E}"
EndProject
Project("{FAE04EC0-301F-11D3-BF4B-00C04F79EFBC}") = "QL.Caching.Memcached", "QL.Caching.Memcached\QL.Caching.Memcached.csproj", "{08FED108-184F-4F20-8D60-28230005EAE2}"
EndProject
Project("{FAE04EC0-301F-11D3-BF4B-00C04F79EFBC}") = "QL.Database", "QL.Database\QL.Database.csproj", "{8E492D32-10BF-4281-BDD0-6201A46A0F1E}"
EndProject
Project("{FAE04EC0-301F-11D3-BF4B-00C04F79EFBC}") = "QL.Log.Log4net", "QL.Log.Log4net\QL.Log.Log4net.csproj", "{2E675E06-2926-4FE4-B67C-CAA5F7164EAE}"
EndProject
Project("{FAE04EC0-301F-11D3-BF4B-00C04F79EFBC}") = "QL.WebSite", "QL.WebSite\QL.WebSite.csproj", "{4D743269-533C-4345-8613-1A7742618C08}"
EndProject
Project("{2150E333-8FDC-42A3-9474-1A3956D46DE8}") = "framework", "framework", "{EDE12EA6-CC8C-4C49-94B0-B72DE96D0CAD}"
EndProject
Project("{FAE04EC0-301F-11D3-BF4B-00C04F79EFBC}") = "QL.Domain", "QL.Domain\QL.Domain.csproj", "{F711483E-8A33-469D-9AE0-A6F8C8E88F46}"
EndProject
Project("{FAE04EC0-301F-11D3-BF4B-00C04F79EFBC}") = "QL.Repository", "QL.Repository\QL.Repository.csproj", "{2371F2C7-1B27-4F69-8213-46E6FE67A87A}"
EndProject
Project("{FAE04EC0-301F-11D3-BF4B-00C04F79EFBC}") = "QL.Services", "QL.Services\QL.Services.csproj", "{EF462582-FA27-4DBB-BBB5-BCBBF022E3EF}"
EndProject
Global
	GlobalSection(SolutionConfigurationPlatforms) = preSolution
		Debug|Any CPU = Debug|Any CPU
		Release|Any CPU = Release|Any CPU
	EndGlobalSection
	GlobalSection(ProjectConfigurationPlatforms) = postSolution
		{D7ACB753-ACCE-4D50-BEB1-5F8F8D8BA9B0}.Debug|Any CPU.ActiveCfg = Debug|Any CPU
		{D7ACB753-ACCE-4D50-BEB1-5F8F8D8BA9B0}.Debug|Any CPU.Build.0 = Debug|Any CPU
		{D7ACB753-ACCE-4D50-BEB1-5F8F8D8BA9B0}.Release|Any CPU.ActiveCfg = Release|Any CPU
		{D7ACB753-ACCE-4D50-BEB1-5F8F8D8BA9B0}.Release|Any CPU.Build.0 = Release|Any CPU
		{78B4549E-8BF9-4A35-B6DB-C18309DAA88E}.Debug|Any CPU.ActiveCfg = Debug|Any CPU
		{78B4549E-8BF9-4A35-B6DB-C18309DAA88E}.Debug|Any CPU.Build.0 = Debug|Any CPU
		{78B4549E-8BF9-4A35-B6DB-C18309DAA88E}.Release|Any CPU.ActiveCfg = Release|Any CPU
		{78B4549E-8BF9-4A35-B6DB-C18309DAA88E}.Release|Any CPU.Build.0 = Release|Any CPU
		{CAE96EF8-6A65-4CB1-80FB-3C97CA2C036F}.Debug|Any CPU.ActiveCfg = Debug|Any CPU
		{CAE96EF8-6A65-4CB1-80FB-3C97CA2C036F}.Debug|Any CPU.Build.0 = Debug|Any CPU
		{CAE96EF8-6A65-4CB1-80FB-3C97CA2C036F}.Release|Any CPU.ActiveCfg = Release|Any CPU
		{CAE96EF8-6A65-4CB1-80FB-3C97CA2C036F}.Release|Any CPU.Build.0 = Release|Any CPU
		{FA914102-A8A3-4F2A-9862-38E8A7654A5E}.Debug|Any CPU.ActiveCfg = Debug|Any CPU
		{FA914102-A8A3-4F2A-9862-38E8A7654A5E}.Debug|Any CPU.Build.0 = Debug|Any CPU
		{FA914102-A8A3-4F2A-9862-38E8A7654A5E}.Release|Any CPU.ActiveCfg = Release|Any CPU
		{FA914102-A8A3-4F2A-9862-38E8A7654A5E}.Release|Any CPU.Build.0 = Release|Any CPU
		{08FED108-184F-4F20-8D60-28230005EAE2}.Debug|Any CPU.ActiveCfg = Debug|Any CPU
		{08FED108-184F-4F20-8D60-28230005EAE2}.Debug|Any CPU.Build.0 = Debug|Any CPU
		{08FED108-184F-4F20-8D60-28230005EAE2}.Release|Any CPU.ActiveCfg = Release|Any CPU
		{08FED108-184F-4F20-8D60-28230005EAE2}.Release|Any CPU.Build.0 = Release|Any CPU
		{8E492D32-10BF-4281-BDD0-6201A46A0F1E}.Debug|Any CPU.ActiveCfg = Debug|Any CPU
		{8E492D32-10BF-4281-BDD0-6201A46A0F1E}.Debug|Any CPU.Build.0 = Debug|Any CPU
		{8E492D32-10BF-4281-BDD0-6201A46A0F1E}.Release|Any CPU.ActiveCfg = Release|Any CPU
		{8E492D32-10BF-4281-BDD0-6201A46A0F1E}.Release|Any CPU.Build.0 = Release|Any CPU
		{2E675E06-2926-4FE4-B67C-CAA5F7164EAE}.Debug|Any CPU.ActiveCfg = Debug|Any CPU
		{2E675E06-2926-4FE4-B67C-CAA5F7164EAE}.Debug|Any CPU.Build.0 = Debug|Any CPU
		{2E675E06-2926-4FE4-B67C-CAA5F7164EAE}.Release|Any CPU.ActiveCfg = Release|Any CPU
		{2E675E06-2926-4FE4-B67C-CAA5F7164EAE}.Release|Any CPU.Build.0 = Release|Any CPU
		{4D743269-533C-4345-8613-1A7742618C08}.Debug|Any CPU.ActiveCfg = Debug|Any CPU
		{4D743269-533C-4345-8613-1A7742618C08}.Debug|Any CPU.Build.0 = Debug|Any CPU
		{4D743269-533C-4345-8613-1A7742618C08}.Release|Any CPU.ActiveCfg = Release|Any CPU
		{4D743269-533C-4345-8613-1A7742618C08}.Release|Any CPU.Build.0 = Release|Any CPU
		{F711483E-8A33-469D-9AE0-A6F8C8E88F46}.Debug|Any CPU.ActiveCfg = Debug|Any CPU
		{F711483E-8A33-469D-9AE0-A6F8C8E88F46}.Debug|Any CPU.Build.0 = Debug|Any CPU
		{F711483E-8A33-469D-9AE0-A6F8C8E88F46}.Release|Any CPU.ActiveCfg = Release|Any CPU
		{F711483E-8A33-469D-9AE0-A6F8C8E88F46}.Release|Any CPU.Build.0 = Release|Any CPU
		{2371F2C7-1B27-4F69-8213-46E6FE67A87A}.Debug|Any CPU.ActiveCfg = Debug|Any CPU
		{2371F2C7-1B27-4F69-8213-46E6FE67A87A}.Debug|Any CPU.Build.0 = Debug|Any CPU
		{2371F2C7-1B27-4F69-8213-46E6FE67A87A}.Release|Any CPU.ActiveCfg = Release|Any CPU
		{2371F2C7-1B27-4F69-8213-46E6FE67A87A}.Release|Any CPU.Build.0 = Release|Any CPU
		{EF462582-FA27-4DBB-BBB5-BCBBF022E3EF}.Debug|Any CPU.ActiveCfg = Debug|Any CPU
		{EF462582-FA27-4DBB-BBB5-BCBBF022E3EF}.Debug|Any CPU.Build.0 = Debug|Any CPU
		{EF462582-FA27-4DBB-BBB5-BCBBF022E3EF}.Release|Any CPU.ActiveCfg = Release|Any CPU
		{EF462582-FA27-4DBB-BBB5-BCBBF022E3EF}.Release|Any CPU.Build.0 = Release|Any CPU
	EndGlobalSection
	GlobalSection(SolutionProperties) = preSolution
		HideSolutionNode = FALSE
	EndGlobalSection
	GlobalSection(NestedProjects) = preSolution
		{D7ACB753-ACCE-4D50-BEB1-5F8F8D8BA9B0} = {EDE12EA6-CC8C-4C49-94B0-B72DE96D0CAD}
		{FA914102-A8A3-4F2A-9862-38E8A7654A5E} = {EDE12EA6-CC8C-4C49-94B0-B72DE96D0CAD}
		{08FED108-184F-4F20-8D60-28230005EAE2} = {EDE12EA6-CC8C-4C49-94B0-B72DE96D0CAD}
		{8E492D32-10BF-4281-BDD0-6201A46A0F1E} = {EDE12EA6-CC8C-4C49-94B0-B72DE96D0CAD}
		{2E675E06-2926-4FE4-B67C-CAA5F7164EAE} = {EDE12EA6-CC8C-4C49-94B0-B72DE96D0CAD}
		{CAE96EF8-6A65-4CB1-80FB-3C97CA2C036F} = {EDE12EA6-CC8C-4C49-94B0-B72DE96D0CAD}
		{78B4549E-8BF9-4A35-B6DB-C18309DAA88E} = {EDE12EA6-CC8C-4C49-94B0-B72DE96D0CAD}
	EndGlobalSection
EndGlobal
